# This file was autogenerated by Stack.
# You should not edit this file by hand.
# For more information, please see the documentation at:
#   https://docs.haskellstack.org/en/stable/lock_files

packages: []
snapshots:
- completed:
    size: 469970
    url: https://raw.githubusercontent.com/commercialhaskell/stackage-snapshots/master/lts/8/2.yaml
    sha256: bae03546114ba56e44d072b03442d31a997155966046cd07a17ef929b1990de6
  original: lts-8.2
